{
	"name": "i18n",
	"version": "1.0.0",
	"lockfileVersion": 2,
	"requires": true,
	"packages": {
		"": {
			"name": "i18n",
			"version": "1.0.0",
			"dependencies": {
				"vue": "^3.5.13"
			},
			"devDependencies": {
				"@types/node": "^16.9.1",
				"@types/vue": "^2.0.0",
				"typescript": "^4.3.4",
				"xlsx": "^0.18.5"
			}
		},
		"node_modules/@babel/helper-string-parser": {
			"version": "7.25.9",
			"resolved": "https://registry.npmmirror.com/@babel/helper-string-parser/-/helper-string-parser-7.25.9.tgz",
			"integrity": "sha512-4A/SCr/2KLd5jrtOMFzaKjVtAei3+2r/NChoBNoZ3EyP/+GlhoaEGoWOZUmFmoITP7zOJyHIMm+DYRd8o3PvHA==",
			"engines": {
				"node": ">=6.9.0"
			}
		},
		"node_modules/@babel/helper-validator-identifier": {
			"version": "7.25.9",
			"resolved": "https://registry.npmmirror.com/@babel/helper-validator-identifier/-/helper-validator-identifier-7.25.9.tgz",
			"integrity": "sha512-Ed61U6XJc3CVRfkERJWDz4dJwKe7iLmmJsbOGu9wSloNSFttHV0I8g6UAgb7qnK5ly5bGLPd4oXZlxCdANBOWQ==",
			"engines": {
				"node": ">=6.9.0"
			}
		},
		"node_modules/@babel/parser": {
			"version": "7.26.9",
			"resolved": "https://registry.npmmirror.com/@babel/parser/-/parser-7.26.9.tgz",
			"integrity": "sha512-81NWa1njQblgZbQHxWHpxxCzNsa3ZwvFqpUg7P+NNUU6f3UU2jBEg4OlF/J6rl8+PQGh1q6/zWScd001YwcA5A==",
			"dependencies": {
				"@babel/types": "^7.26.9"
			},
			"bin": {
				"parser": "bin/babel-parser.js"
			},
			"engines": {
				"node": ">=6.0.0"
			}
		},
		"node_modules/@babel/types": {
			"version": "7.26.9",
			"resolved": "https://registry.npmmirror.com/@babel/types/-/types-7.26.9.tgz",
			"integrity": "sha512-Y3IR1cRnOxOCDvMmNiym7XpXQ93iGDDPHx+Zj+NM+rg0fBaShfQLkg+hKPaZCEvg5N/LeCo4+Rj/i3FuJsIQaw==",
			"dependencies": {
				"@babel/helper-string-parser": "^7.25.9",
				"@babel/helper-validator-identifier": "^7.25.9"
			},
			"engines": {
				"node": ">=6.9.0"
			}
		},
		"node_modules/@jridgewell/sourcemap-codec": {
			"version": "1.5.0",
			"resolved": "https://registry.npmmirror.com/@jridgewell/sourcemap-codec/-/sourcemap-codec-1.5.0.tgz",
			"integrity": "sha512-gv3ZRaISU3fjPAgNsriBRqGWQL6quFx04YMPW/zD8XMLsU32mhCCbfbO6KZFLjvYpCZ8zyDEgqsgf+PwPaM7GQ=="
		},
		"node_modules/@types/node": {
			"version": "16.9.1",
			"resolved": "https://registry.npmjs.org/@types/node/-/node-16.9.1.tgz",
			"integrity": "sha512-QpLcX9ZSsq3YYUUnD3nFDY8H7wctAhQj/TFKL8Ya8v5fMm3CFXxo8zStsLAl780ltoYoo1WvKUVGBQK+1ifr7g==",
			"dev": true
		},
		"node_modules/@types/vue": {
			"version": "2.0.0",
			"resolved": "https://registry.npmjs.org/@types/vue/-/vue-2.0.0.tgz",
			"integrity": "sha1-7Hez2JWR3rnKXLBSNoqpwyvgiOc=",
			"deprecated": "This is a stub types definition for vuejs (https://github.com/vuejs/vue). vuejs provides its own type definitions, so you don't need @types/vue installed!",
			"dev": true,
			"dependencies": {
				"vue": "*"
			}
		},
		"node_modules/@vue/compiler-core": {
			"version": "3.5.13",
			"resolved": "https://registry.npmmirror.com/@vue/compiler-core/-/compiler-core-3.5.13.tgz",
			"integrity": "sha512-oOdAkwqUfW1WqpwSYJce06wvt6HljgY3fGeM9NcVA1HaYOij3mZG9Rkysn0OHuyUAGMbEbARIpsG+LPVlBJ5/Q==",
			"dependencies": {
				"@babel/parser": "^7.25.3",
				"@vue/shared": "3.5.13",
				"entities": "^4.5.0",
				"estree-walker": "^2.0.2",
				"source-map-js": "^1.2.0"
			}
		},
		"node_modules/@vue/compiler-dom": {
			"version": "3.5.13",
			"resolved": "https://registry.npmmirror.com/@vue/compiler-dom/-/compiler-dom-3.5.13.tgz",
			"integrity": "sha512-ZOJ46sMOKUjO3e94wPdCzQ6P1Lx/vhp2RSvfaab88Ajexs0AHeV0uasYhi99WPaogmBlRHNRuly8xV75cNTMDA==",
			"dependencies": {
				"@vue/compiler-core": "3.5.13",
				"@vue/shared": "3.5.13"
			}
		},
		"node_modules/@vue/compiler-sfc": {
			"version": "3.5.13",
			"resolved": "https://registry.npmmirror.com/@vue/compiler-sfc/-/compiler-sfc-3.5.13.tgz",
			"integrity": "sha512-6VdaljMpD82w6c2749Zhf5T9u5uLBWKnVue6XWxprDobftnletJ8+oel7sexFfM3qIxNmVE7LSFGTpv6obNyaQ==",
			"dependencies": {
				"@babel/parser": "^7.25.3",
				"@vue/compiler-core": "3.5.13",
				"@vue/compiler-dom": "3.5.13",
				"@vue/compiler-ssr": "3.5.13",
				"@vue/shared": "3.5.13",
				"estree-walker": "^2.0.2",
				"magic-string": "^0.30.11",
				"postcss": "^8.4.48",
				"source-map-js": "^1.2.0"
			}
		},
		"node_modules/@vue/compiler-ssr": {
			"version": "3.5.13",
			"resolved": "https://registry.npmmirror.com/@vue/compiler-ssr/-/compiler-ssr-3.5.13.tgz",
			"integrity": "sha512-wMH6vrYHxQl/IybKJagqbquvxpWCuVYpoUJfCqFZwa/JY1GdATAQ+TgVtgrwwMZ0D07QhA99rs/EAAWfvG6KpA==",
			"dependencies": {
				"@vue/compiler-dom": "3.5.13",
				"@vue/shared": "3.5.13"
			}
		},
		"node_modules/@vue/reactivity": {
			"version": "3.5.13",
			"resolved": "https://registry.npmmirror.com/@vue/reactivity/-/reactivity-3.5.13.tgz",
			"integrity": "sha512-NaCwtw8o48B9I6L1zl2p41OHo/2Z4wqYGGIK1Khu5T7yxrn+ATOixn/Udn2m+6kZKB/J7cuT9DbWWhRxqixACg==",
			"dependencies": {
				"@vue/shared": "3.5.13"
			}
		},
		"node_modules/@vue/runtime-core": {
			"version": "3.5.13",
			"resolved": "https://registry.npmmirror.com/@vue/runtime-core/-/runtime-core-3.5.13.tgz",
			"integrity": "sha512-Fj4YRQ3Az0WTZw1sFe+QDb0aXCerigEpw418pw1HBUKFtnQHWzwojaukAs2X/c9DQz4MQ4bsXTGlcpGxU/RCIw==",
			"dependencies": {
				"@vue/reactivity": "3.5.13",
				"@vue/shared": "3.5.13"
			}
		},
		"node_modules/@vue/runtime-dom": {
			"version": "3.5.13",
			"resolved": "https://registry.npmmirror.com/@vue/runtime-dom/-/runtime-dom-3.5.13.tgz",
			"integrity": "sha512-dLaj94s93NYLqjLiyFzVs9X6dWhTdAlEAciC3Moq7gzAc13VJUdCnjjRurNM6uTLFATRHexHCTu/Xp3eW6yoog==",
			"dependencies": {
				"@vue/reactivity": "3.5.13",
				"@vue/runtime-core": "3.5.13",
				"@vue/shared": "3.5.13",
				"csstype": "^3.1.3"
			}
		},
		"node_modules/@vue/server-renderer": {
			"version": "3.5.13",
			"resolved": "https://registry.npmmirror.com/@vue/server-renderer/-/server-renderer-3.5.13.tgz",
			"integrity": "sha512-wAi4IRJV/2SAW3htkTlB+dHeRmpTiVIK1OGLWV1yeStVSebSQQOwGwIq0D3ZIoBj2C2qpgz5+vX9iEBkTdk5YA==",
			"dependencies": {
				"@vue/compiler-ssr": "3.5.13",
				"@vue/shared": "3.5.13"
			},
			"peerDependencies": {
				"vue": "3.5.13"
			}
		},
		"node_modules/@vue/shared": {
			"version": "3.5.13",
			"resolved": "https://registry.npmmirror.com/@vue/shared/-/shared-3.5.13.tgz",
			"integrity": "sha512-/hnE/qP5ZoGpol0a5mDi45bOd7t3tjYJBjsgCsivow7D48cJeV5l05RD82lPqi7gRiphZM37rnhW1l6ZoCNNnQ=="
		},
		"node_modules/adler-32": {
			"version": "1.3.1",
			"resolved": "https://registry.npmjs.org/adler-32/-/adler-32-1.3.1.tgz",
			"integrity": "sha512-ynZ4w/nUUv5rrsR8UUGoe1VC9hZj6V5hU9Qw1HlMDJGEJw5S7TfTErWTjMys6M7vr0YWcPqs3qAr4ss0nDfP+A==",
			"dev": true,
			"engines": {
				"node": ">=0.8"
			}
		},
		"node_modules/cfb": {
			"version": "1.2.2",
			"resolved": "https://registry.npmjs.org/cfb/-/cfb-1.2.2.tgz",
			"integrity": "sha512-KfdUZsSOw19/ObEWasvBP/Ac4reZvAGauZhs6S/gqNhXhI7cKwvlH7ulj+dOEYnca4bm4SGo8C1bTAQvnTjgQA==",
			"dev": true,
			"dependencies": {
				"adler-32": "~1.3.0",
				"crc-32": "~1.2.0"
			},
			"engines": {
				"node": ">=0.8"
			}
		},
		"node_modules/codepage": {
			"version": "1.15.0",
			"resolved": "https://registry.npmjs.org/codepage/-/codepage-1.15.0.tgz",
			"integrity": "sha512-3g6NUTPd/YtuuGrhMnOMRjFc+LJw/bnMp3+0r/Wcz3IXUuCosKRJvMphm5+Q+bvTVGcJJuRvVLuYba+WojaFaA==",
			"dev": true,
			"engines": {
				"node": ">=0.8"
			}
		},
		"node_modules/crc-32": {
			"version": "1.2.2",
			"resolved": "https://registry.npmjs.org/crc-32/-/crc-32-1.2.2.tgz",
			"integrity": "sha512-ROmzCKrTnOwybPcJApAA6WBWij23HVfGVNKqqrZpuyZOHqK2CwHSvpGuyt/UNNvaIjEd8X5IFGp4Mh+Ie1IHJQ==",
			"dev": true,
			"bin": {
				"crc32": "bin/crc32.njs"
			},
			"engines": {
				"node": ">=0.8"
			}
		},
		"node_modules/csstype": {
			"version": "3.1.3",
			"resolved": "https://registry.npmmirror.com/csstype/-/csstype-3.1.3.tgz",
			"integrity": "sha512-M1uQkMl8rQK/szD0LNhtqxIPLpimGm8sOBwU7lLnCpSbTyY3yeU1Vc7l4KT5zT4s/yOxHH5O7tIuuLOCnLADRw=="
		},
		"node_modules/entities": {
			"version": "4.5.0",
			"resolved": "https://registry.npmmirror.com/entities/-/entities-4.5.0.tgz",
			"integrity": "sha512-V0hjH4dGPh9Ao5p0MoRY6BVqtwCjhz6vI5LT8AJ55H+4g9/4vbHx1I54fS0XuclLhDHArPQCiMjDxjaL8fPxhw==",
			"engines": {
				"node": ">=0.12"
			},
			"funding": {
				"url": "https://github.com/fb55/entities?sponsor=1"
			}
		},
		"node_modules/estree-walker": {
			"version": "2.0.2",
			"resolved": "https://registry.npmmirror.com/estree-walker/-/estree-walker-2.0.2.tgz",
			"integrity": "sha512-Rfkk/Mp/DL7JVje3u18FxFujQlTNR2q6QfMSMB7AvCBx91NGj/ba3kCfza0f6dVDbw7YlRf/nDrn7pQrCCyQ/w=="
		},
		"node_modules/frac": {
			"version": "1.1.2",
			"resolved": "https://registry.npmjs.org/frac/-/frac-1.1.2.tgz",
			"integrity": "sha512-w/XBfkibaTl3YDqASwfDUqkna4Z2p9cFSr1aHDt0WoMTECnRfBOv2WArlZILlqgWlmdIlALXGpM2AOhEk5W3IA==",
			"dev": true,
			"engines": {
				"node": ">=0.8"
			}
		},
		"node_modules/magic-string": {
			"version": "0.30.17",
			"resolved": "https://registry.npmmirror.com/magic-string/-/magic-string-0.30.17.tgz",
			"integrity": "sha512-sNPKHvyjVf7gyjwS4xGTaW/mCnF8wnjtifKBEhxfZ7E/S8tQ0rssrwGNn6q8JH/ohItJfSQp9mBtQYuTlH5QnA==",
			"dependencies": {
				"@jridgewell/sourcemap-codec": "^1.5.0"
			}
		},
		"node_modules/nanoid": {
			"version": "3.3.8",
			"resolved": "https://registry.npmmirror.com/nanoid/-/nanoid-3.3.8.tgz",
			"integrity": "sha512-WNLf5Sd8oZxOm+TzppcYk8gVOgP+l58xNy58D0nbUnOxOWRWvlcCV4kUF7ltmI6PsrLl/BgKEyS4mqsGChFN0w==",
			"funding": [
				{
					"type": "github",
					"url": "https://github.com/sponsors/ai"
				}
			],
			"bin": {
				"nanoid": "bin/nanoid.cjs"
			},
			"engines": {
				"node": "^10 || ^12 || ^13.7 || ^14 || >=15.0.1"
			}
		},
		"node_modules/picocolors": {
			"version": "1.1.1",
			"resolved": "https://registry.npmmirror.com/picocolors/-/picocolors-1.1.1.tgz",
			"integrity": "sha512-xceH2snhtb5M9liqDsmEw56le376mTZkEX/jEb/RxNFyegNul7eNslCXP9FDj/Lcu0X8KEyMceP2ntpaHrDEVA=="
		},
		"node_modules/postcss": {
			"version": "8.5.3",
			"resolved": "https://registry.npmmirror.com/postcss/-/postcss-8.5.3.tgz",
			"integrity": "sha512-dle9A3yYxlBSrt8Fu+IpjGT8SY8hN0mlaA6GY8t0P5PjIOZemULz/E2Bnm/2dcUOena75OTNkHI76uZBNUUq3A==",
			"funding": [
				{
					"type": "opencollective",
					"url": "https://opencollective.com/postcss/"
				},
				{
					"type": "tidelift",
					"url": "https://tidelift.com/funding/github/npm/postcss"
				},
				{
					"type": "github",
					"url": "https://github.com/sponsors/ai"
				}
			],
			"dependencies": {
				"nanoid": "^3.3.8",
				"picocolors": "^1.1.1",
				"source-map-js": "^1.2.1"
			},
			"engines": {
				"node": "^10 || ^12 || >=14"
			}
		},
		"node_modules/source-map-js": {
			"version": "1.2.1",
			"resolved": "https://registry.npmmirror.com/source-map-js/-/source-map-js-1.2.1.tgz",
			"integrity": "sha512-UXWMKhLOwVKb728IUtQPXxfYU+usdybtUrK/8uGE8CQMvrhOpwvzDBwj0QhSL7MQc7vIsISBG8VQ8+IDQxpfQA==",
			"engines": {
				"node": ">=0.10.0"
			}
		},
		"node_modules/ssf": {
			"version": "0.11.2",
			"resolved": "https://registry.npmjs.org/ssf/-/ssf-0.11.2.tgz",
			"integrity": "sha512-+idbmIXoYET47hH+d7dfm2epdOMUDjqcB4648sTZ+t2JwoyBFL/insLfB/racrDmsKB3diwsDA696pZMieAC5g==",
			"dev": true,
			"dependencies": {
				"frac": "~1.1.2"
			},
			"engines": {
				"node": ">=0.8"
			}
		},
		"node_modules/typescript": {
			"version": "4.9.5",
			"resolved": "https://registry.npmjs.org/typescript/-/typescript-4.9.5.tgz",
			"integrity": "sha512-1FXk9E2Hm+QzZQ7z+McJiHL4NW1F2EzMu9Nq9i3zAaGqibafqYwCVU6WyWAuyQRRzOlxou8xZSyXLEN8oKj24g==",
			"devOptional": true,
			"bin": {
				"tsc": "bin/tsc",
				"tsserver": "bin/tsserver"
			},
			"engines": {
				"node": ">=4.2.0"
			}
		},
		"node_modules/vue": {
			"version": "3.5.13",
			"resolved": "https://registry.npmmirror.com/vue/-/vue-3.5.13.tgz",
			"integrity": "sha512-wmeiSMxkZCSc+PM2w2VRsOYAZC8GdipNFRTsLSfodVqI9mbejKeXEGr8SckuLnrQPGe3oJN5c3K0vpoU9q/wCQ==",
			"dependencies": {
				"@vue/compiler-dom": "3.5.13",
				"@vue/compiler-sfc": "3.5.13",
				"@vue/runtime-dom": "3.5.13",
				"@vue/server-renderer": "3.5.13",
				"@vue/shared": "3.5.13"
			},
			"peerDependencies": {
				"typescript": "*"
			},
			"peerDependenciesMeta": {
				"typescript": {
					"optional": true
				}
			}
		},
		"node_modules/wmf": {
			"version": "1.0.2",
			"resolved": "https://registry.npmjs.org/wmf/-/wmf-1.0.2.tgz",
			"integrity": "sha512-/p9K7bEh0Dj6WbXg4JG0xvLQmIadrner1bi45VMJTfnbVHsc7yIajZyoSoK60/dtVBs12Fm6WkUI5/3WAVsNMw==",
			"dev": true,
			"engines": {
				"node": ">=0.8"
			}
		},
		"node_modules/word": {
			"version": "0.3.0",
			"resolved": "https://registry.npmjs.org/word/-/word-0.3.0.tgz",
			"integrity": "sha512-OELeY0Q61OXpdUfTp+oweA/vtLVg5VDOXh+3he3PNzLGG/y0oylSOC1xRVj0+l4vQ3tj/bB1HVHv1ocXkQceFA==",
			"dev": true,
			"engines": {
				"node": ">=0.8"
			}
		},
		"node_modules/xlsx": {
			"version": "0.18.5",
			"resolved": "https://registry.npmjs.org/xlsx/-/xlsx-0.18.5.tgz",
			"integrity": "sha512-dmg3LCjBPHZnQp5/F/+nnTa+miPJxUXB6vtk42YjBBKayDNagxGEeIdWApkYPOf3Z3pm3k62Knjzp7lMeTEtFQ==",
			"dev": true,
			"dependencies": {
				"adler-32": "~1.3.0",
				"cfb": "~1.2.1",
				"codepage": "~1.15.0",
				"crc-32": "~1.2.1",
				"ssf": "~0.11.2",
				"wmf": "~1.0.1",
				"word": "~0.3.0"
			},
			"bin": {
				"xlsx": "bin/xlsx.njs"
			},
			"engines": {
				"node": ">=0.8"
			}
		}
	},
	"dependencies": {
		"@babel/helper-string-parser": {
			"version": "7.25.9",
			"resolved": "https://registry.npmmirror.com/@babel/helper-string-parser/-/helper-string-parser-7.25.9.tgz",
			"integrity": "sha512-4A/SCr/2KLd5jrtOMFzaKjVtAei3+2r/NChoBNoZ3EyP/+GlhoaEGoWOZUmFmoITP7zOJyHIMm+DYRd8o3PvHA=="
		},
		"@babel/helper-validator-identifier": {
			"version": "7.25.9",
			"resolved": "https://registry.npmmirror.com/@babel/helper-validator-identifier/-/helper-validator-identifier-7.25.9.tgz",
			"integrity": "sha512-Ed61U6XJc3CVRfkERJWDz4dJwKe7iLmmJsbOGu9wSloNSFttHV0I8g6UAgb7qnK5ly5bGLPd4oXZlxCdANBOWQ=="
		},
		"@babel/parser": {
			"version": "7.26.9",
			"resolved": "https://registry.npmmirror.com/@babel/parser/-/parser-7.26.9.tgz",
			"integrity": "sha512-81NWa1njQblgZbQHxWHpxxCzNsa3ZwvFqpUg7P+NNUU6f3UU2jBEg4OlF/J6rl8+PQGh1q6/zWScd001YwcA5A==",
			"requires": {
				"@babel/types": "^7.26.9"
			}
		},
		"@babel/types": {
			"version": "7.26.9",
			"resolved": "https://registry.npmmirror.com/@babel/types/-/types-7.26.9.tgz",
			"integrity": "sha512-Y3IR1cRnOxOCDvMmNiym7XpXQ93iGDDPHx+Zj+NM+rg0fBaShfQLkg+hKPaZCEvg5N/LeCo4+Rj/i3FuJsIQaw==",
			"requires": {
				"@babel/helper-string-parser": "^7.25.9",
				"@babel/helper-validator-identifier": "^7.25.9"
			}
		},
		"@jridgewell/sourcemap-codec": {
			"version": "1.5.0",
			"resolved": "https://registry.npmmirror.com/@jridgewell/sourcemap-codec/-/sourcemap-codec-1.5.0.tgz",
			"integrity": "sha512-gv3ZRaISU3fjPAgNsriBRqGWQL6quFx04YMPW/zD8XMLsU32mhCCbfbO6KZFLjvYpCZ8zyDEgqsgf+PwPaM7GQ=="
		},
		"@types/node": {
			"version": "16.9.1",
			"resolved": "https://registry.npmjs.org/@types/node/-/node-16.9.1.tgz",
			"integrity": "sha512-QpLcX9ZSsq3YYUUnD3nFDY8H7wctAhQj/TFKL8Ya8v5fMm3CFXxo8zStsLAl780ltoYoo1WvKUVGBQK+1ifr7g==",
			"dev": true
		},
		"@types/vue": {
			"version": "2.0.0",
			"resolved": "https://registry.npmjs.org/@types/vue/-/vue-2.0.0.tgz",
			"integrity": "sha1-7Hez2JWR3rnKXLBSNoqpwyvgiOc=",
			"dev": true,
			"requires": {
				"vue": "*"
			}
		},
		"@vue/compiler-core": {
			"version": "3.5.13",
			"resolved": "https://registry.npmmirror.com/@vue/compiler-core/-/compiler-core-3.5.13.tgz",
			"integrity": "sha512-oOdAkwqUfW1WqpwSYJce06wvt6HljgY3fGeM9NcVA1HaYOij3mZG9Rkysn0OHuyUAGMbEbARIpsG+LPVlBJ5/Q==",
			"requires": {
				"@babel/parser": "^7.25.3",
				"@vue/shared": "3.5.13",
				"entities": "^4.5.0",
				"estree-walker": "^2.0.2",
				"source-map-js": "^1.2.0"
			}
		},
		"@vue/compiler-dom": {
			"version": "3.5.13",
			"resolved": "https://registry.npmmirror.com/@vue/compiler-dom/-/compiler-dom-3.5.13.tgz",
			"integrity": "sha512-ZOJ46sMOKUjO3e94wPdCzQ6P1Lx/vhp2RSvfaab88Ajexs0AHeV0uasYhi99WPaogmBlRHNRuly8xV75cNTMDA==",
			"requires": {
				"@vue/compiler-core": "3.5.13",
				"@vue/shared": "3.5.13"
			}
		},
		"@vue/compiler-sfc": {
			"version": "3.5.13",
			"resolved": "https://registry.npmmirror.com/@vue/compiler-sfc/-/compiler-sfc-3.5.13.tgz",
			"integrity": "sha512-6VdaljMpD82w6c2749Zhf5T9u5uLBWKnVue6XWxprDobftnletJ8+oel7sexFfM3qIxNmVE7LSFGTpv6obNyaQ==",
			"requires": {
				"@babel/parser": "^7.25.3",
				"@vue/compiler-core": "3.5.13",
				"@vue/compiler-dom": "3.5.13",
				"@vue/compiler-ssr": "3.5.13",
				"@vue/shared": "3.5.13",
				"estree-walker": "^2.0.2",
				"magic-string": "^0.30.11",
				"postcss": "^8.4.48",
				"source-map-js": "^1.2.0"
			}
		},
		"@vue/compiler-ssr": {
			"version": "3.5.13",
			"resolved": "https://registry.npmmirror.com/@vue/compiler-ssr/-/compiler-ssr-3.5.13.tgz",
			"integrity": "sha512-wMH6vrYHxQl/IybKJagqbquvxpWCuVYpoUJfCqFZwa/JY1GdATAQ+TgVtgrwwMZ0D07QhA99rs/EAAWfvG6KpA==",
			"requires": {
				"@vue/compiler-dom": "3.5.13",
				"@vue/shared": "3.5.13"
			}
		},
		"@vue/reactivity": {
			"version": "3.5.13",
			"resolved": "https://registry.npmmirror.com/@vue/reactivity/-/reactivity-3.5.13.tgz",
			"integrity": "sha512-NaCwtw8o48B9I6L1zl2p41OHo/2Z4wqYGGIK1Khu5T7yxrn+ATOixn/Udn2m+6kZKB/J7cuT9DbWWhRxqixACg==",
			"requires": {
				"@vue/shared": "3.5.13"
			}
		},
		"@vue/runtime-core": {
			"version": "3.5.13",
			"resolved": "https://registry.npmmirror.com/@vue/runtime-core/-/runtime-core-3.5.13.tgz",
			"integrity": "sha512-Fj4YRQ3Az0WTZw1sFe+QDb0aXCerigEpw418pw1HBUKFtnQHWzwojaukAs2X/c9DQz4MQ4bsXTGlcpGxU/RCIw==",
			"requires": {
				"@vue/reactivity": "3.5.13",
				"@vue/shared": "3.5.13"
			}
		},
		"@vue/runtime-dom": {
			"version": "3.5.13",
			"resolved": "https://registry.npmmirror.com/@vue/runtime-dom/-/runtime-dom-3.5.13.tgz",
			"integrity": "sha512-dLaj94s93NYLqjLiyFzVs9X6dWhTdAlEAciC3Moq7gzAc13VJUdCnjjRurNM6uTLFATRHexHCTu/Xp3eW6yoog==",
			"requires": {
				"@vue/reactivity": "3.5.13",
				"@vue/runtime-core": "3.5.13",
				"@vue/shared": "3.5.13",
				"csstype": "^3.1.3"
			}
		},
		"@vue/server-renderer": {
			"version": "3.5.13",
			"resolved": "https://registry.npmmirror.com/@vue/server-renderer/-/server-renderer-3.5.13.tgz",
			"integrity": "sha512-wAi4IRJV/2SAW3htkTlB+dHeRmpTiVIK1OGLWV1yeStVSebSQQOwGwIq0D3ZIoBj2C2qpgz5+vX9iEBkTdk5YA==",
			"requires": {
				"@vue/compiler-ssr": "3.5.13",
				"@vue/shared": "3.5.13"
			}
		},
		"@vue/shared": {
			"version": "3.5.13",
			"resolved": "https://registry.npmmirror.com/@vue/shared/-/shared-3.5.13.tgz",
			"integrity": "sha512-/hnE/qP5ZoGpol0a5mDi45bOd7t3tjYJBjsgCsivow7D48cJeV5l05RD82lPqi7gRiphZM37rnhW1l6ZoCNNnQ=="
		},
		"adler-32": {
			"version": "1.3.1",
			"resolved": "https://registry.npmjs.org/adler-32/-/adler-32-1.3.1.tgz",
			"integrity": "sha512-ynZ4w/nUUv5rrsR8UUGoe1VC9hZj6V5hU9Qw1HlMDJGEJw5S7TfTErWTjMys6M7vr0YWcPqs3qAr4ss0nDfP+A==",
			"dev": true
		},
		"cfb": {
			"version": "1.2.2",
			"resolved": "https://registry.npmjs.org/cfb/-/cfb-1.2.2.tgz",
			"integrity": "sha512-KfdUZsSOw19/ObEWasvBP/Ac4reZvAGauZhs6S/gqNhXhI7cKwvlH7ulj+dOEYnca4bm4SGo8C1bTAQvnTjgQA==",
			"dev": true,
			"requires": {
				"adler-32": "~1.3.0",
				"crc-32": "~1.2.0"
			}
		},
		"codepage": {
			"version": "1.15.0",
			"resolved": "https://registry.npmjs.org/codepage/-/codepage-1.15.0.tgz",
			"integrity": "sha512-3g6NUTPd/YtuuGrhMnOMRjFc+LJw/bnMp3+0r/Wcz3IXUuCosKRJvMphm5+Q+bvTVGcJJuRvVLuYba+WojaFaA==",
			"dev": true
		},
		"crc-32": {
			"version": "1.2.2",
			"resolved": "https://registry.npmjs.org/crc-32/-/crc-32-1.2.2.tgz",
			"integrity": "sha512-ROmzCKrTnOwybPcJApAA6WBWij23HVfGVNKqqrZpuyZOHqK2CwHSvpGuyt/UNNvaIjEd8X5IFGp4Mh+Ie1IHJQ==",
			"dev": true
		},
		"csstype": {
			"version": "3.1.3",
			"resolved": "https://registry.npmmirror.com/csstype/-/csstype-3.1.3.tgz",
			"integrity": "sha512-M1uQkMl8rQK/szD0LNhtqxIPLpimGm8sOBwU7lLnCpSbTyY3yeU1Vc7l4KT5zT4s/yOxHH5O7tIuuLOCnLADRw=="
		},
		"entities": {
			"version": "4.5.0",
			"resolved": "https://registry.npmmirror.com/entities/-/entities-4.5.0.tgz",
			"integrity": "sha512-V0hjH4dGPh9Ao5p0MoRY6BVqtwCjhz6vI5LT8AJ55H+4g9/4vbHx1I54fS0XuclLhDHArPQCiMjDxjaL8fPxhw=="
		},
		"estree-walker": {
			"version": "2.0.2",
			"resolved": "https://registry.npmmirror.com/estree-walker/-/estree-walker-2.0.2.tgz",
			"integrity": "sha512-Rfkk/Mp/DL7JVje3u18FxFujQlTNR2q6QfMSMB7AvCBx91NGj/ba3kCfza0f6dVDbw7YlRf/nDrn7pQrCCyQ/w=="
		},
		"frac": {
			"version": "1.1.2",
			"resolved": "https://registry.npmjs.org/frac/-/frac-1.1.2.tgz",
			"integrity": "sha512-w/XBfkibaTl3YDqASwfDUqkna4Z2p9cFSr1aHDt0WoMTECnRfBOv2WArlZILlqgWlmdIlALXGpM2AOhEk5W3IA==",
			"dev": true
		},
		"magic-string": {
			"version": "0.30.17",
			"resolved": "https://registry.npmmirror.com/magic-string/-/magic-string-0.30.17.tgz",
			"integrity": "sha512-sNPKHvyjVf7gyjwS4xGTaW/mCnF8wnjtifKBEhxfZ7E/S8tQ0rssrwGNn6q8JH/ohItJfSQp9mBtQYuTlH5QnA==",
			"requires": {
				"@jridgewell/sourcemap-codec": "^1.5.0"
			}
		},
		"nanoid": {
			"version": "3.3.8",
			"resolved": "https://registry.npmmirror.com/nanoid/-/nanoid-3.3.8.tgz",
			"integrity": "sha512-WNLf5Sd8oZxOm+TzppcYk8gVOgP+l58xNy58D0nbUnOxOWRWvlcCV4kUF7ltmI6PsrLl/BgKEyS4mqsGChFN0w=="
		},
		"picocolors": {
			"version": "1.1.1",
			"resolved": "https://registry.npmmirror.com/picocolors/-/picocolors-1.1.1.tgz",
			"integrity": "sha512-xceH2snhtb5M9liqDsmEw56le376mTZkEX/jEb/RxNFyegNul7eNslCXP9FDj/Lcu0X8KEyMceP2ntpaHrDEVA=="
		},
		"postcss": {
			"version": "8.5.3",
			"resolved": "https://registry.npmmirror.com/postcss/-/postcss-8.5.3.tgz",
			"integrity": "sha512-dle9A3yYxlBSrt8Fu+IpjGT8SY8hN0mlaA6GY8t0P5PjIOZemULz/E2Bnm/2dcUOena75OTNkHI76uZBNUUq3A==",
			"requires": {
				"nanoid": "^3.3.8",
				"picocolors": "^1.1.1",
				"source-map-js": "^1.2.1"
			}
		},
		"source-map-js": {
			"version": "1.2.1",
			"resolved": "https://registry.npmmirror.com/source-map-js/-/source-map-js-1.2.1.tgz",
			"integrity": "sha512-UXWMKhLOwVKb728IUtQPXxfYU+usdybtUrK/8uGE8CQMvrhOpwvzDBwj0QhSL7MQc7vIsISBG8VQ8+IDQxpfQA=="
		},
		"ssf": {
			"version": "0.11.2",
			"resolved": "https://registry.npmjs.org/ssf/-/ssf-0.11.2.tgz",
			"integrity": "sha512-+idbmIXoYET47hH+d7dfm2epdOMUDjqcB4648sTZ+t2JwoyBFL/insLfB/racrDmsKB3diwsDA696pZMieAC5g==",
			"dev": true,
			"requires": {
				"frac": "~1.1.2"
			}
		},
		"typescript": {
			"version": "4.9.5",
			"resolved": "https://registry.npmjs.org/typescript/-/typescript-4.9.5.tgz",
			"integrity": "sha512-1FXk9E2Hm+QzZQ7z+McJiHL4NW1F2EzMu9Nq9i3zAaGqibafqYwCVU6WyWAuyQRRzOlxou8xZSyXLEN8oKj24g==",
			"devOptional": true
		},
		"vue": {
			"version": "3.5.13",
			"resolved": "https://registry.npmmirror.com/vue/-/vue-3.5.13.tgz",
			"integrity": "sha512-wmeiSMxkZCSc+PM2w2VRsOYAZC8GdipNFRTsLSfodVqI9mbejKeXEGr8SckuLnrQPGe3oJN5c3K0vpoU9q/wCQ==",
			"requires": {
				"@vue/compiler-dom": "3.5.13",
				"@vue/compiler-sfc": "3.5.13",
				"@vue/runtime-dom": "3.5.13",
				"@vue/server-renderer": "3.5.13",
				"@vue/shared": "3.5.13"
			}
		},
		"wmf": {
			"version": "1.0.2",
			"resolved": "https://registry.npmjs.org/wmf/-/wmf-1.0.2.tgz",
			"integrity": "sha512-/p9K7bEh0Dj6WbXg4JG0xvLQmIadrner1bi45VMJTfnbVHsc7yIajZyoSoK60/dtVBs12Fm6WkUI5/3WAVsNMw==",
			"dev": true
		},
		"word": {
			"version": "0.3.0",
			"resolved": "https://registry.npmjs.org/word/-/word-0.3.0.tgz",
			"integrity": "sha512-OELeY0Q61OXpdUfTp+oweA/vtLVg5VDOXh+3he3PNzLGG/y0oylSOC1xRVj0+l4vQ3tj/bB1HVHv1ocXkQceFA==",
			"dev": true
		},
		"xlsx": {
			"version": "0.18.5",
			"resolved": "https://registry.npmjs.org/xlsx/-/xlsx-0.18.5.tgz",
			"integrity": "sha512-dmg3LCjBPHZnQp5/F/+nnTa+miPJxUXB6vtk42YjBBKayDNagxGEeIdWApkYPOf3Z3pm3k62Knjzp7lMeTEtFQ==",
			"dev": true,
			"requires": {
				"adler-32": "~1.3.0",
				"cfb": "~1.2.1",
				"codepage": "~1.15.0",
				"crc-32": "~1.2.1",
				"ssf": "~0.11.2",
				"wmf": "~1.0.1",
				"word": "~0.3.0"
			}
		}
	}
}
